github.com/newrelic/go-agent v2.14.1+incompatible h1:rh+3g1mhz8WH3VD/ORq3QhQz4iqaClBlQ6q9KInojyE=
github.com/newrelic/go-agent v2.14.1+incompatible/go.mod h1:a8Fv1b/fYhFSReoTU6HDkTYIMZeSVNffmoS726Y0LzQ=
github.com/pkg/errors v0.8.1 h1:iURUrRGxPUNPdy5/HRSm+Yj6okJ6UtLINN0Q9M4+h3I=
github.com/pkg/errors v0.8.1/go.mod h1:bwawxfHBFNV+L2hUp1rHADufV3IMtnDRdf1r5NINEl0=
github.com/wantedly/subee v0.5.0 h1:MXGlZYHNVxyxsolIcpwymdZHMR9OL8WlggCwu8//I0M=
github.com/wantedly/subee v0.5.0/go.mod h1:gGKPl5ZhopDFWEAgPVZRj6+7fsY8kpQFQiFjxnRANqs=
